github.com/alexsergivan/transliterator v1.0.1 h1:vON2ilWCHjq+S5Y4obhLGhHK4Y1VIhsHEtQlij5d9pI=
github.com/alexsergivan/transliterator v1.0.1/go.mod h1:0IrumukulURJ4PD0z6UcdJKP2job1DYDhnHAP5y+5pE=
github.com/dal-go/dalgo v0.13.1 h1:vRV4dGpBKaRYteJRIbDTh+7lqS/7Gs8ns3ij3jEy/Ug=
github.com/dal-go/dalgo v0.13.1/go.mod h1:tErF10bqQiNrwJQ5qwL3kwoaUa6dDq4z3X3pdChr3Ms=
github.com/dal-go/dalgo v0.13.2 h1:q1NKsfn9vX90ugMyFp+yNVUyS4ykD/sjXpXibyx1Fb8=
github.com/dal-go/dalgo v0.13.2/go.mod h1:tErF10bqQiNrwJQ5qwL3kwoaUa6dDq4z3X3pdChr3Ms=
github.com/dal-go/dalgo v0.14.0 h1:XhEmNfbCtV5ISxzFBE/Bk7W8OpWePYRmlvlJ/8Jk+dQ=
github.com/dal-go/dalgo v0.14.0/go.mod h1:tErF10bqQiNrwJQ5qwL3kwoaUa6dDq4z3X3pdChr3Ms=
github.com/dal-go/dalgo v0.14.1 h1:AMSPsFjFH4iZ1JegHdBeouzpZ4frsLnsHxBSaV+8Wgs=
github.com/dal-go/dalgo v0.14.1/go.mod h1:BoMNGwDE9FdjynV7xCn5f/GdVJxvfePwjsMldn+BhqA=
github.com/dal-go/dalgo v0.14.2 h1:e7T9D2Hiv9ryMWTdJd9OmnM2ilfsX3dxQOU6wbskDqc=
github.com/dal-go/dalgo v0.14.2/go.mod h1:BoMNGwDE9FdjynV7xCn5f/GdVJxvfePwjsMldn+BhqA=
github.com/davecgh/go-spew v1.1.0/go.mod h1:J7Y8YcW2NihsgmVo/mv3lAwl/skON4iLHjSsI+c5H38=
github.com/davecgh/go-spew v1.1.1 h1:vj9j/u1bqnvCEfJOwUhtlOARqs3+rkHYY13jYWTU97c=
github.com/davecgh/go-spew v1.1.1/go.mod h1:J7Y8YcW2NihsgmVo/mv3lAwl/skON4iLHjSsI+c5H38=
github.com/golang/protobuf v1.5.0/go.mod h1:FsONVRAS9T7sI+LIUmWTfcYkHO4aIWwzhcaSAoJOfIk=
github.com/golang/protobuf v1.5.4 h1:i7eJL8qZTpSEXOPTxNKhASYpMn+8e5Q6AdndVa1dWek=
github.com/golang/protobuf v1.5.4/go.mod h1:lnTiLA8Wa4RWRcIUkrtSVa5nRhsEGBg48fD6rSs7xps=
github.com/google/go-cmp v0.5.5 h1:Khx7svrCpmxxtHBq5j2mp/xVjsi8hQMfNLvJFAlrGgU=
github.com/google/go-cmp v0.5.5/go.mod h1:v8dTdLbMG2kIc/vJvl+f65V22dbkXbowE6jgT/gNBxE=
github.com/pmezard/go-difflib v1.0.0 h1:4DBwDE0NGyQoBHbLQYPwSUPoCMWR5BEzIk/f1lZbAQM=
github.com/pmezard/go-difflib v1.0.0/go.mod h1:iKH77koFhYxTK1pcRnkKkqfTogsbg7gZNVY4sRDYZ/4=
github.com/stretchr/objx v0.1.0/go.mod h1:HFkY916IF+rwdDfMAkV7OtwuqBVzrE8GR6GFx+wExME=
github.com/stretchr/testify v1.5.1/go.mod h1:5W2xD1RspED5o8YsWQXVCued0rvSQ+mT+I5cxcmMvtA=
github.com/stretchr/testify v1.9.0 h1:HtqpIVDClZ4nwg75+f6Lvsy/wHu+3BoSGCbBAcpTsTg=
github.com/stretchr/testify v1.9.0/go.mod h1:r2ic/lqez/lEtzL7wO/rwa5dbSLXVDPFyf8C91i36aY=
github.com/stretchr/testify v1.10.0 h1:Xv5erBjTwe/5IxqUQTdXv5kgmIvbHo3QQyRwhJsOfJA=
github.com/stretchr/testify v1.10.0/go.mod h1:r2ic/lqez/lEtzL7wO/rwa5dbSLXVDPFyf8C91i36aY=
github.com/strongo/delaying v0.0.1 h1:avN7p5oKcowaDeEbGJLB4QHgttK6y9OtGwFN0UkEDi8=
github.com/strongo/delaying v0.0.1/go.mod h1:nQ3n4876SKTIR0FUrig6huZgI/mWHAOeGMVHkGs76tk=
github.com/strongo/delaying v0.1.0 h1:w4dpqwrwOxP5YlTJeZmzzIrIUM9rVXiPNv53opL0AaE=
github.com/strongo/delaying v0.1.0/go.mod h1:6PnWp2IL3UDo7tQyFVIOxBiIiHSj0eVZ6VfrleGNjzA=
github.com/strongo/random v0.0.1 h1:OZHJBb/3uEa7OX8L2Dv2pLnSeewRmXMyTACoeto6O8I=
github.com/strongo/random v0.0.1/go.mod h1:/pSI+SjBNLBkjljNtVdYr6ERddA+LqSa87o0/s+9iuU=
github.com/strongo/slice v0.2.0 h1:HpoBqFuE/kqQLgQf6S4r8rvO8hmeplk1WD9u7Z30V68=
github.com/strongo/slice v0.2.0/go.mod h1:5OL1zbsT5e93IihjLNag5epqjti5d24bGyOqWMgtX/o=
github.com/strongo/slice v0.3.0 h1:ucuI4z0nrZst6kXSTs3GhC7nbXiwyn09EiXQ+9AldrU=
github.com/strongo/slice v0.3.0/go.mod h1:5OL1zbsT5e93IihjLNag5epqjti5d24bGyOqWMgtX/o=
github.com/strongo/slice v0.3.1 h1:VWkyYBgcVJn6Hs7wYhL9Vxwgb7V3zQAUFTBV9wo5lc4=
github.com/strongo/slice v0.3.1/go.mod h1:B5ODKCkl0rp2oiG0UBqkN1cCOrSCU2cUuhqCM1sC8r4=
github.com/strongo/strongoapp v0.24.3 h1:+5pXWoaeD81BnjIHOYqpdGbK6syeEDV7RTCnBi+ywLI=
github.com/strongo/strongoapp v0.24.3/go.mod h1:lmqjpbP+aTKJLN0R+M+jwpe6Kf8+t1X30cyc6GlGoW4=
github.com/strongo/strongoapp v0.25.0 h1:KJyDaD14PIs55S4hw15QrIMbHBPkAor9ezgpOxKRaiE=
github.com/strongo/strongoapp v0.25.0/go.mod h1:in5y6+4D6BWSrlZHNIEeY6HX8iWWJwVUjYNYr8FgGJk=
github.com/strongo/strongoapp v0.25.1 h1:YIcfp32bBPLOnn9d/cY6zEPQcdj2Eaz0YhV6gRAPPz4=
github.com/strongo/strongoapp v0.25.1/go.mod h1:g9mNHyUZMKHFB9Il4lG+EMCzZFWle/kcVOayfcMHROU=
github.com/strongo/strongoapp v0.25.2 h1:a6VUj/05eaJ8hWxdHsGRPncz5Ezq+w3cQgNmwqR0R9E=
github.com/strongo/strongoapp v0.25.2/go.mod h1:DVwHFNNiC88gnW8iy3ggRrnAnI4oVTYyIdLeXPSNuLs=
github.com/strongo/strongoapp v0.25.3 h1:d43WZy0jPvDZtjT5NX5FIFYnAdppVsbbNqbOkJdd4bY=
github.com/strongo/strongoapp v0.25.3/go.mod h1:70xzRnEbJX8jm5wqqzFTtVxTbLvB0D4jNEYjQnGweOI=
github.com/strongo/strongoapp v0.25.4 h1:AD9GrtuHXS4A6Hvv3yjPdSnOwxMt7gopMvukt/egFPk=
github.com/strongo/strongoapp v0.25.4/go.mod h1:0ZHjfOhfg1za8ouzLoMoID7Qn3fg5IMDdjDt69xUAYI=
github.com/strongo/strongoapp v0.25.5 h1:MOb3JYiyZX0g+AswccUGYW7J/tO1b9oPWa+UZj+5+x4=
github.com/strongo/strongoapp v0.25.5/go.mod h1:jCdLBw1iXnG0mMu9RxET2lIfriBO4Q1qdNEbX8sAAkE=
github.com/strongo/validation v0.0.7 h1:gs6YkwPsYtVsepQaQOB+ZF+T0Gu5+nk4ZMND8F85e+U=
github.com/strongo/validation v0.0.7/go.mod h1:YUwoPEItLJd/Bc9X1OCUm03ofhvm3kwZvuihU7/jz58=
github.com/yuin/goldmark v1.4.13/go.mod h1:6yULJ656Px+3vBD8DxQVa3kxgyrAnzto9xy5taEt/CY=
golang.org/x/crypto v0.0.0-20190308221718-c2843e01d9a2/go.mod h1:djNgcEr1/C05ACkg1iLfiJU5Ep61QUkGW8qpdssI0+w=
golang.org/x/crypto v0.0.0-20210921155107-089bfa567519/go.mod h1:GvvjBRRGRdwPK5ydBHafDWAxML/pGHZbMvKqRZ5+Abc=
golang.org/x/mod v0.6.0-dev.0.20220419223038-86c51ed26bb4/go.mod h1:jJ57K6gSWd91VN4djpZkiMVwK6gcyfeH4XE8wZrZaV4=
golang.org/x/net v0.0.0-20190620200207-3b0461eec859/go.mod h1:z5CRVTTTmAJ677TzLLGU+0bjPO0LkuOLi4/5GtJWs/s=
golang.org/x/net v0.0.0-20210226172049-e18ecbb05110/go.mod h1:m0MpNAwzfU5UDzcl9v0D8zg8gWTRqZa9RBIspLL5mdg=
golang.org/x/net v0.0.0-20220722155237-a158d28d115b/go.mod h1:XRhObCWvk6IyKnWLug+ECip1KBveYUHfp+8e9klMJ9c=
golang.org/x/sync v0.0.0-20190423024810-112230192c58/go.mod h1:RxMgew5VJxzue5/jJTE5uejpjVlOe/izrB70Jof72aM=
golang.org/x/sync v0.0.0-20220722155255-886fb9371eb4/go.mod h1:RxMgew5VJxzue5/jJTE5uejpjVlOe/izrB70Jof72aM=
golang.org/x/sys v0.0.0-20190215142949-d0b11bdaac8a/go.mod h1:STP8DvDyc/dI5b8T5hshtkjS+E42TnysNCUPdjciGhY=
golang.org/x/sys v0.0.0-20201119102817-f84b799fce68/go.mod h1:h1NjWce9XRLGQEsW7wpKNCjG9DtNlClVuFLEZdDNbEs=
golang.org/x/sys v0.0.0-20210615035016-665e8c7367d1/go.mod h1:oPkhp1MJrh7nUepCBck5+mAzfO9JrbApNNgaTdGDITg=
golang.org/x/sys v0.0.0-20220520151302-bc2c85ada10a/go.mod h1:oPkhp1MJrh7nUepCBck5+mAzfO9JrbApNNgaTdGDITg=
golang.org/x/sys v0.0.0-20220722155257-8c9f86f7a55f/go.mod h1:oPkhp1MJrh7nUepCBck5+mAzfO9JrbApNNgaTdGDITg=
golang.org/x/term v0.0.0-20201126162022-7de9c90e9dd1/go.mod h1:bj7SfCRtBDWHUb9snDiAeCFNEtKQo2Wmx5Cou7ajbmo=
golang.org/x/term v0.0.0-20210927222741-03fcf44c2211/go.mod h1:jbD1KX2456YbFQfuXm/mYQcufACuNUgVhRMnK/tPxf8=
golang.org/x/text v0.3.0/go.mod h1:NqM8EUOU14njkJ3fqMW+pc6Ldnwhi/IjpwHt7yyuwOQ=
golang.org/x/text v0.3.3/go.mod h1:5Zoc/QRtKVWzQhOtBMvqHzDpF6irO9z98xDceosuGiQ=
golang.org/x/text v0.3.7/go.mod h1:u+2+/6zg+i71rQMx5EYifcz6MCKuco9NR6JIITiCfzQ=
golang.org/x/text v0.3.8/go.mod h1:E6s5w1FMmriuDzIBO73fBruAKo1PCIq6d2Q6DHfQ8WQ=
golang.org/x/tools v0.0.0-20180917221912-90fa682c2a6e/go.mod h1:n7NCudcB/nEzxVGmLbDWY5pfWTLqBcC2KZ6jyYvM4mQ=
golang.org/x/tools v0.0.0-20191119224855-298f0cb1881e/go.mod h1:b+2E5dAYhXwXZwtnZ6UAqBI28+e2cm9otk0dWdXHAEo=
golang.org/x/tools v0.1.12/go.mod h1:hNGJHUnrk76NpqgfD5Aqm5Crs+Hm0VOH/i9J2+nxYbc=
golang.org/x/xerrors v0.0.0-20190717185122-a985d3407aa7/go.mod h1:I/5z698sn9Ka8TeJc9MKroUUfqBBauWjQqLJ2OPfmY0=
golang.org/x/xerrors v0.0.0-20191204190536-9bdfabe68543 h1:E7g+9GITq07hpfrRu66IVDexMakfv52eLZ2CXBWiKr4=
golang.org/x/xerrors v0.0.0-20191204190536-9bdfabe68543/go.mod h1:I/5z698sn9Ka8TeJc9MKroUUfqBBauWjQqLJ2OPfmY0=
google.golang.org/appengine/v2 v2.0.6 h1:LvPZLGuchSBslPBp+LAhihBeGSiRh1myRoYK4NtuBIw=
google.golang.org/appengine/v2 v2.0.6/go.mod h1:WoEXGoXNfa0mLvaH5sV3ZSGXwVmy8yf7Z1JKf3J3wLI=
google.golang.org/protobuf v1.26.0-rc.1/go.mod h1:jlhhOSvTdKEhbULTjvd4ARK9grFBp09yW+WbY/TyQbw=
google.golang.org/protobuf v1.30.0/go.mod h1:HV8QOd/L58Z+nl8r43ehVNZIU/HEI6OcFqwMG9pJV4I=
google.golang.org/protobuf v1.34.2 h1:6xV6lTsCfpGD21XK49h7MhtcApnLqkfYgPcdHftf6hg=
google.golang.org/protobuf v1.34.2/go.mod h1:qYOHts0dSfpeUzUFpOMr/WGzszTmLH+DiWniOlNbLDw=
google.golang.org/protobuf v1.35.1 h1:m3LfL6/Ca+fqnjnlqQXNpFPABW1UD7mjh8KO2mKFytA=
google.golang.org/protobuf v1.35.1/go.mod h1:9fA7Ob0pmnwhb644+1+CVWFRbNajQ6iRojtC/QF5bRE=
gopkg.in/check.v1 v0.0.0-20161208181325-20d25e280405 h1:yhCVgyC4o1eVCa2tZl7eS0r+SDo693bJlVdllGtEeKM=
gopkg.in/check.v1 v0.0.0-20161208181325-20d25e280405/go.mod h1:Co6ibVJAznAaIkqp8huTwlJQCZ016jof/cbN4VW5Yz0=
gopkg.in/yaml.v2 v2.2.2/go.mod h1:hI93XBmqTisBFMUTm0b8Fm+jr3Dg1NNxqwp+5A1VGuI=
gopkg.in/yaml.v3 v3.0.1 h1:fxVm/GzAzEWqLHuvctI91KS9hhNmmWOoWu0XTYJS7CA=
gopkg.in/yaml.v3 v3.0.1/go.mod h1:K4uyk7z7BCEPqu6E+C64Yfv1cQ7kz7rIZviUmN+EgEM=
